
Microsoft Visual Studio Solution File, Format Version 12.00
# Visual Studio Version 17
VisualStudioVersion = 17.10.35013.160
MinimumVisualStudioVersion = 10.0.40219.1
Project("{FAE04EC0-301F-11D3-BF4B-00C04F79EFBC}") = "TL13Shop", "TL13Shop.csproj", "{1CB2321B-E1FA-433A-A029-9A9D267464F0}"
EndProject
Global
	GlobalSection(SolutionConfigurationPlatforms) = preSolution
		Debug|Any CPU = Debug|Any CPU
		Release|Any CPU = Release|Any CPU
	EndGlobalSection
	GlobalSection(ProjectConfigurationPlatforms) = postSolution
		{1CB2321B-E1FA-433A-A029-9A9D267464F0}.Debug|Any CPU.ActiveCfg = Debug|Any CPU
		{1CB2321B-E1FA-433A-A029-9A9D267464F0}.Debug|Any CPU.Build.0 = Debug|Any CPU
		{1CB2321B-E1FA-433A-A029-9A9D267464F0}.Release|Any CPU.ActiveCfg = Release|Any CPU
		{1CB2321B-E1FA-433A-A029-9A9D267464F0}.Release|Any CPU.Build.0 = Release|Any CPU
	EndGlobalSection
	GlobalSection(SolutionProperties) = preSolution
		HideSolutionNode = FALSE
	EndGlobalSection
	GlobalSection(ExtensibilityGlobals) = postSolution
		SolutionGuid = {4FE96B7F-7A8D-4AF0-9EAB-DE85FC5F08FA}
	EndGlobalSection
EndGlobal
